// !$*UTF8*$!
{
	archiveVersion = 1;
	classes = {
	};
	objectVersion = 56;
	objects = {

/* Begin PBXBuildFile section */
		C9FD377B2B36E43700B3ED05 /* Final_projectApp.swift in Sources */ = {isa = PBXBuildFile; fileRef = C9FD377A2B36E43700B3ED05 /* Final_projectApp.swift */; };
		C9FD377D2B36E43700B3ED05 /* ContentView.swift in Sources */ = {isa = PBXBuildFile; fileRef = C9FD377C2B36E43700B3ED05 /* ContentView.swift */; };
		C9FD377F2B36E43C00B3ED05 /* Assets.xcassets in Resources */ = {isa = PBXBuildFile; fileRef = C9FD377E2B36E43C00B3ED05 /* Assets.xcassets */; };
		C9FD37822B36E43C00B3ED05 /* Preview Assets.xcassets in Resources */ = {isa = PBXBuildFile; fileRef = C9FD37812B36E43C00B3ED05 /* Preview Assets.xcassets */; };
		C9FD37842B36E43C00B3ED05 /* Persistence.swift in Sources */ = {isa = PBXBuildFile; fileRef = C9FD37832B36E43C00B3ED05 /* Persistence.swift */; };
		C9FD37872B36E43C00B3ED05 /* Final_project.xcdatamodeld in Sources */ = {isa = PBXBuildFile; fileRef = C9FD37852B36E43C00B3ED05 /* Final_project.xcdatamodeld */; };
		C9FD378E2B36F09900B3ED05 /* FeedView.swift in Sources */ = {isa = PBXBuildFile; fileRef = C9FD378D2B36F09900B3ED05 /* FeedView.swift */; };
		C9FD37932B36F19900B3ED05 /* Post.swift in Sources */ = {isa = PBXBuildFile; fileRef = C9FD37922B36F19900B3ED05 /* Post.swift */; };
		C9FD37952B36F2A100B3ED05 /* FeedCell.swift in Sources */ = {isa = PBXBuildFile; fileRef = C9FD37942B36F2A100B3ED05 /* FeedCell.swift */; };
		C9FD37982B36FAC200B3ED05 /* FeedViewModel.swift in Sources */ = {isa = PBXBuildFile; fileRef = C9FD37972B36FAC200B3ED05 /* FeedViewModel.swift */; };
		C9FD379A2B37014200B3ED05 /* PostDetail.swift in Sources */ = {isa = PBXBuildFile; fileRef = C9FD37992B37014100B3ED05 /* PostDetail.swift */; };
		C9FD379C2B37510F00B3ED05 /* Stories.swift in Sources */ = {isa = PBXBuildFile; fileRef = C9FD379B2B37510F00B3ED05 /* Stories.swift */; };
		C9FD379E2B37562000B3ED05 /* Dates.swift in Sources */ = {isa = PBXBuildFile; fileRef = C9FD379D2B37562000B3ED05 /* Dates.swift */; };
		C9FD37A02B38781100B3ED05 /* WelcomeView.swift in Sources */ = {isa = PBXBuildFile; fileRef = C9FD379F2B38781100B3ED05 /* WelcomeView.swift */; };
		C9FD37A22B387DBB00B3ED05 /* WelcomeBackView.swift in Sources */ = {isa = PBXBuildFile; fileRef = C9FD37A12B387DBB00B3ED05 /* WelcomeBackView.swift */; };
		C9FD37A42B38892A00B3ED05 /* RegistrationView.swift in Sources */ = {isa = PBXBuildFile; fileRef = C9FD37A32B38892A00B3ED05 /* RegistrationView.swift */; };
		C9FD37A72B388C5100B3ED05 /* ConfirmRegistrationView.swift in Sources */ = {isa = PBXBuildFile; fileRef = C9FD37A62B388C5100B3ED05 /* ConfirmRegistrationView.swift */; };
		C9FD37A92B3893B400B3ED05 /* ProfileView.swift in Sources */ = {isa = PBXBuildFile; fileRef = C9FD37A82B3893B400B3ED05 /* ProfileView.swift */; };
		C9FD37AB2B3893C100B3ED05 /* SavedPostsView.swift in Sources */ = {isa = PBXBuildFile; fileRef = C9FD37AA2B3893C100B3ED05 /* SavedPostsView.swift */; };
		C9FD37AD2B3893F300B3ED05 /* mainView.swift in Sources */ = {isa = PBXBuildFile; fileRef = C9FD37AC2B3893F300B3ED05 /* mainView.swift */; };
		C9FD37AF2B389AFD00B3ED05 /* FollowerView.swift in Sources */ = {isa = PBXBuildFile; fileRef = C9FD37AE2B389AFD00B3ED05 /* FollowerView.swift */; };
		C9FD37B12B389B3B00B3ED05 /* Profile.swift in Sources */ = {isa = PBXBuildFile; fileRef = C9FD37B02B389B3B00B3ED05 /* Profile.swift */; };
		C9FD37B32B389BF200B3ED05 /* ProfileViewModel.swift in Sources */ = {isa = PBXBuildFile; fileRef = C9FD37B22B389BF200B3ED05 /* ProfileViewModel.swift */; };
		C9FD37B52B38A80A00B3ED05 /* Photos.swift in Sources */ = {isa = PBXBuildFile; fileRef = C9FD37B42B38A80A00B3ED05 /* Photos.swift */; };
/* End PBXBuildFile section */

/* Begin PBXFileReference section */
		C9FD37772B36E43700B3ED05 /* Final_project.app */ = {isa = PBXFileReference; explicitFileType = wrapper.application; includeInIndex = 0; path = Final_project.app; sourceTree = BUILT_PRODUCTS_DIR; };
		C9FD377A2B36E43700B3ED05 /* Final_projectApp.swift */ = {isa = PBXFileReference; lastKnownFileType = sourcecode.swift; path = Final_projectApp.swift; sourceTree = "<group>"; };
		C9FD377C2B36E43700B3ED05 /* ContentView.swift */ = {isa = PBXFileReference; lastKnownFileType = sourcecode.swift; path = ContentView.swift; sourceTree = "<group>"; };
		C9FD377E2B36E43C00B3ED05 /* Assets.xcassets */ = {isa = PBXFileReference; lastKnownFileType = folder.assetcatalog; path = Assets.xcassets; sourceTree = "<group>"; };
		C9FD37812B36E43C00B3ED05 /* Preview Assets.xcassets */ = {isa = PBXFileReference; lastKnownFileType = folder.assetcatalog; path = "Preview Assets.xcassets"; sourceTree = "<group>"; };
		C9FD37832B36E43C00B3ED05 /* Persistence.swift */ = {isa = PBXFileReference; lastKnownFileType = sourcecode.swift; path = Persistence.swift; sourceTree = "<group>"; };
		C9FD37862B36E43C00B3ED05 /* Final_project.xcdatamodel */ = {isa = PBXFileReference; lastKnownFileType = wrapper.xcdatamodel; path = Final_project.xcdatamodel; sourceTree = "<group>"; };
		C9FD378D2B36F09900B3ED05 /* FeedView.swift */ = {isa = PBXFileReference; lastKnownFileType = sourcecode.swift; path = FeedView.swift; sourceTree = "<group>"; };
		C9FD37922B36F19900B3ED05 /* Post.swift */ = {isa = PBXFileReference; lastKnownFileType = sourcecode.swift; path = Post.swift; sourceTree = "<group>"; };
		C9FD37942B36F2A100B3ED05 /* FeedCell.swift */ = {isa = PBXFileReference; lastKnownFileType = sourcecode.swift; path = FeedCell.swift; sourceTree = "<group>"; };
		C9FD37972B36FAC200B3ED05 /* FeedViewModel.swift */ = {isa = PBXFileReference; lastKnownFileType = sourcecode.swift; path = FeedViewModel.swift; sourceTree = "<group>"; };
		C9FD37992B37014100B3ED05 /* PostDetail.swift */ = {isa = PBXFileReference; lastKnownFileType = sourcecode.swift; path = PostDetail.swift; sourceTree = "<group>"; };
		C9FD379B2B37510F00B3ED05 /* Stories.swift */ = {isa = PBXFileReference; lastKnownFileType = sourcecode.swift; path = Stories.swift; sourceTree = "<group>"; };
		C9FD379D2B37562000B3ED05 /* Dates.swift */ = {isa = PBXFileReference; lastKnownFileType = sourcecode.swift; path = Dates.swift; sourceTree = "<group>"; };
		C9FD379F2B38781100B3ED05 /* WelcomeView.swift */ = {isa = PBXFileReference; lastKnownFileType = sourcecode.swift; path = WelcomeView.swift; sourceTree = "<group>"; };
		C9FD37A12B387DBB00B3ED05 /* WelcomeBackView.swift */ = {isa = PBXFileReference; lastKnownFileType = sourcecode.swift; path = WelcomeBackView.swift; sourceTree = "<group>"; usesTabs = 0; };
		C9FD37A32B38892A00B3ED05 /* RegistrationView.swift */ = {isa = PBXFileReference; lastKnownFileType = sourcecode.swift; path = RegistrationView.swift; sourceTree = "<group>"; };
		C9FD37A62B388C5100B3ED05 /* ConfirmRegistrationView.swift */ = {isa = PBXFileReference; lastKnownFileType = sourcecode.swift; path = ConfirmRegistrationView.swift; sourceTree = "<group>"; };
		C9FD37A82B3893B400B3ED05 /* ProfileView.swift */ = {isa = PBXFileReference; lastKnownFileType = sourcecode.swift; path = ProfileView.swift; sourceTree = "<group>"; };
		C9FD37AA2B3893C100B3ED05 /* SavedPostsView.swift */ = {isa = PBXFileReference; lastKnownFileType = sourcecode.swift; path = SavedPostsView.swift; sourceTree = "<group>"; };
		C9FD37AC2B3893F300B3ED05 /* mainView.swift */ = {isa = PBXFileReference; lastKnownFileType = sourcecode.swift; path = mainView.swift; sourceTree = "<group>"; };
		C9FD37AE2B389AFD00B3ED05 /* FollowerView.swift */ = {isa = PBXFileReference; lastKnownFileType = sourcecode.swift; path = FollowerView.swift; sourceTree = "<group>"; };
		C9FD37B02B389B3B00B3ED05 /* Profile.swift */ = {isa = PBXFileReference; lastKnownFileType = sourcecode.swift; path = Profile.swift; sourceTree = "<group>"; };
		C9FD37B22B389BF200B3ED05 /* ProfileViewModel.swift */ = {isa = PBXFileReference; lastKnownFileType = sourcecode.swift; path = ProfileViewModel.swift; sourceTree = "<group>"; };
		C9FD37B42B38A80A00B3ED05 /* Photos.swift */ = {isa = PBXFileReference; lastKnownFileType = sourcecode.swift; path = Photos.swift; sourceTree = "<group>"; };
/* End PBXFileReference section */

/* Begin PBXFrameworksBuildPhase section */
		C9FD37742B36E43700B3ED05 /* Frameworks */ = {
			isa = PBXFrameworksBuildPhase;
			buildActionMask = 2147483647;
			files = (
			);
			runOnlyForDeploymentPostprocessing = 0;
		};
/* End PBXFrameworksBuildPhase section */

/* Begin PBXGroup section */
		C9FD376E2B36E43700B3ED05 = {
			isa = PBXGroup;
			children = (
				C9FD37792B36E43700B3ED05 /* Final_project */,
				C9FD37782B36E43700B3ED05 /* Products */,
			);
			sourceTree = "<group>";
		};
		C9FD37782B36E43700B3ED05 /* Products */ = {
			isa = PBXGroup;
			children = (
				C9FD37772B36E43700B3ED05 /* Final_project.app */,
			);
			name = Products;
			sourceTree = "<group>";
		};
		C9FD37792B36E43700B3ED05 /* Final_project */ = {
			isa = PBXGroup;
			children = (
				C9FD37962B36FAAF00B3ED05 /* ViewModels */,
				C9FD37902B36F17A00B3ED05 /* Views */,
				C9FD378F2B36F16F00B3ED05 /* Models */,
				C9FD377A2B36E43700B3ED05 /* Final_projectApp.swift */,
				C9FD377C2B36E43700B3ED05 /* ContentView.swift */,
				C9FD377E2B36E43C00B3ED05 /* Assets.xcassets */,
				C9FD37832B36E43C00B3ED05 /* Persistence.swift */,
				C9FD37852B36E43C00B3ED05 /* Final_project.xcdatamodeld */,
				C9FD37802B36E43C00B3ED05 /* Preview Content */,
			);
			path = Final_project;
			sourceTree = "<group>";
		};
		C9FD37802B36E43C00B3ED05 /* Preview Content */ = {
			isa = PBXGroup;
			children = (
				C9FD37812B36E43C00B3ED05 /* Preview Assets.xcassets */,
			);
			path = "Preview Content";
			sourceTree = "<group>";
		};
		C9FD378F2B36F16F00B3ED05 /* Models */ = {
			isa = PBXGroup;
			children = (
				C9FD37922B36F19900B3ED05 /* Post.swift */,
				C9FD379B2B37510F00B3ED05 /* Stories.swift */,
				C9FD379D2B37562000B3ED05 /* Dates.swift */,
				C9FD37B02B389B3B00B3ED05 /* Profile.swift */,
				C9FD37B42B38A80A00B3ED05 /* Photos.swift */,
			);
			path = Models;
			sourceTree = "<group>";
		};
		C9FD37902B36F17A00B3ED05 /* Views */ = {
			isa = PBXGroup;
			children = (
				C9FD378D2B36F09900B3ED05 /* FeedView.swift */,
				C9FD37942B36F2A100B3ED05 /* FeedCell.swift */,
				C9FD37992B37014100B3ED05 /* PostDetail.swift */,
				C9FD379F2B38781100B3ED05 /* WelcomeView.swift */,
				C9FD37A12B387DBB00B3ED05 /* WelcomeBackView.swift */,
				C9FD37A32B38892A00B3ED05 /* RegistrationView.swift */,
				C9FD37A62B388C5100B3ED05 /* ConfirmRegistrationView.swift */,
				C9FD37A82B3893B400B3ED05 /* ProfileView.swift */,
				C9FD37AA2B3893C100B3ED05 /* SavedPostsView.swift */,
				C9FD37AC2B3893F300B3ED05 /* mainView.swift */,
				C9FD37AE2B389AFD00B3ED05 /* FollowerView.swift */,
			);
			path = Views;
			sourceTree = "<group>";
		};
		C9FD37962B36FAAF00B3ED05 /* ViewModels */ = {
			isa = PBXGroup;
			children = (
				C9FD37972B36FAC200B3ED05 /* FeedViewModel.swift */,
				C9FD37B22B389BF200B3ED05 /* ProfileViewModel.swift */,
			);
			path = ViewModels;
			sourceTree = "<group>";
		};
/* End PBXGroup section */

/* Begin PBXNativeTarget section */
		C9FD37762B36E43700B3ED05 /* Final_project */ = {
			isa = PBXNativeTarget;
			buildConfigurationList = C9FD378A2B36E43C00B3ED05 /* Build configuration list for PBXNativeTarget "Final_project" */;
			buildPhases = (
				C9FD37732B36E43700B3ED05 /* Sources */,
				C9FD37742B36E43700B3ED05 /* Frameworks */,
				C9FD37752B36E43700B3ED05 /* Resources */,
			);
			buildRules = (
			);
			dependencies = (
			);
			name = Final_project;
			productName = Final_project;
			productReference = C9FD37772B36E43700B3ED05 /* Final_project.app */;
			productType = "com.apple.product-type.application";
		};
/* End PBXNativeTarget section */

/* Begin PBXProject section */
		C9FD376F2B36E43700B3ED05 /* Project object */ = {
			isa = PBXProject;
			attributes = {
				BuildIndependentTargetsInParallel = 1;
				LastSwiftUpdateCheck = 1500;
				LastUpgradeCheck = 1500;
				TargetAttributes = {
					C9FD37762B36E43700B3ED05 = {
						CreatedOnToolsVersion = 15.0.1;
					};
				};
			};
			buildConfigurationList = C9FD37722B36E43700B3ED05 /* Build configuration list for PBXProject "Final_project" */;
			compatibilityVersion = "Xcode 14.0";
			developmentRegion = en;
			hasScannedForEncodings = 0;
			knownRegions = (
				en,
				Base,
			);
			mainGroup = C9FD376E2B36E43700B3ED05;
			productRefGroup = C9FD37782B36E43700B3ED05 /* Products */;
			projectDirPath = "";
			projectRoot = "";
			targets = (
				C9FD37762B36E43700B3ED05 /* Final_project */,
			);
		};
/* End PBXProject section */

/* Begin PBXResourcesBuildPhase section */
		C9FD37752B36E43700B3ED05 /* Resources */ = {
			isa = PBXResourcesBuildPhase;
			buildActionMask = 2147483647;
			files = (
				C9FD37822B36E43C00B3ED05 /* Preview Assets.xcassets in Resources */,
				C9FD377F2B36E43C00B3ED05 /* Assets.xcassets in Resources */,
			);
			runOnlyForDeploymentPostprocessing = 0;
		};
/* End PBXResourcesBuildPhase section */

/* Begin PBXSourcesBuildPhase section */
		C9FD37732B36E43700B3ED05 /* Sources */ = {
			isa = PBXSourcesBuildPhase;
			buildActionMask = 2147483647;
			files = (
				C9FD37952B36F2A100B3ED05 /* FeedCell.swift in Sources */,
				C9FD37B12B389B3B00B3ED05 /* Profile.swift in Sources */,
				C9FD379A2B37014200B3ED05 /* PostDetail.swift in Sources */,
				C9FD379E2B37562000B3ED05 /* Dates.swift in Sources */,
				C9FD37A42B38892A00B3ED05 /* RegistrationView.swift in Sources */,
				C9FD37A22B387DBB00B3ED05 /* WelcomeBackView.swift in Sources */,
				C9FD37B32B389BF200B3ED05 /* ProfileViewModel.swift in Sources */,
				C9FD37AF2B389AFD00B3ED05 /* FollowerView.swift in Sources */,
				C9FD378E2B36F09900B3ED05 /* FeedView.swift in Sources */,
				C9FD379C2B37510F00B3ED05 /* Stories.swift in Sources */,
				C9FD37AB2B3893C100B3ED05 /* SavedPostsView.swift in Sources */,
				C9FD37842B36E43C00B3ED05 /* Persistence.swift in Sources */,
				C9FD37AD2B3893F300B3ED05 /* mainView.swift in Sources */,
				C9FD37A92B3893B400B3ED05 /* ProfileView.swift in Sources */,
				C9FD377D2B36E43700B3ED05 /* ContentView.swift in Sources */,
				C9FD37A02B38781100B3ED05 /* WelcomeView.swift in Sources */,
				C9FD37B52B38A80A00B3ED05 /* Photos.swift in Sources */,
				C9FD37932B36F19900B3ED05 /* Post.swift in Sources */,
				C9FD37A72B388C5100B3ED05 /* ConfirmRegistrationView.swift in Sources */,
				C9FD37872B36E43C00B3ED05 /* Final_project.xcdatamodeld in Sources */,
				C9FD37982B36FAC200B3ED05 /* FeedViewModel.swift in Sources */,
				C9FD377B2B36E43700B3ED05 /* Final_projectApp.swift in Sources */,
			);
			runOnlyForDeploymentPostprocessing = 0;
		};
/* End PBXSourcesBuildPhase section */

/* Begin XCBuildConfiguration section */
		C9FD37882B36E43C00B3ED05 /* Debug */ = {
			isa = XCBuildConfiguration;
			buildSettings = {
				ALWAYS_SEARCH_USER_PATHS = NO;
				ASSETCATALOG_COMPILER_GENERATE_SWIFT_ASSET_SYMBOL_EXTENSIONS = YES;
				CLANG_ANALYZER_NONNULL = YES;
				CLANG_ANALYZER_NUMBER_OBJECT_CONVERSION = YES_AGGRESSIVE;
				CLANG_CXX_LANGUAGE_STANDARD = "gnu++20";
				CLANG_ENABLE_MODULES = YES;
				CLANG_ENABLE_OBJC_ARC = YES;
				CLANG_ENABLE_OBJC_WEAK = YES;
				CLANG_WARN_BLOCK_CAPTURE_AUTORELEASING = YES;
				CLANG_WARN_BOOL_CONVERSION = YES;
				CLANG_WARN_COMMA = YES;
				CLANG_WARN_CONSTANT_CONVERSION = YES;
				CLANG_WARN_DEPRECATED_OBJC_IMPLEMENTATIONS = YES;
				CLANG_WARN_DIRECT_OBJC_ISA_USAGE = YES_ERROR;
				CLANG_WARN_DOCUMENTATION_COMMENTS = YES;
				CLANG_WARN_EMPTY_BODY = YES;
				CLANG_WARN_ENUM_CONVERSION = YES;
				CLANG_WARN_INFINITE_RECURSION = YES;
				CLANG_WARN_INT_CONVERSION = YES;
				CLANG_WARN_NON_LITERAL_NULL_CONVERSION = YES;
				CLANG_WARN_OBJC_IMPLICIT_RETAIN_SELF = YES;
				CLANG_WARN_OBJC_LITERAL_CONVERSION = YES;
				CLANG_WARN_OBJC_ROOT_CLASS = YES_ERROR;
				CLANG_WARN_QUOTED_INCLUDE_IN_FRAMEWORK_HEADER = YES;
				CLANG_WARN_RANGE_LOOP_ANALYSIS = YES;
				CLANG_WARN_STRICT_PROTOTYPES = YES;
				CLANG_WARN_SUSPICIOUS_MOVE = YES;
				CLANG_WARN_UNGUARDED_AVAILABILITY = YES_AGGRESSIVE;
				CLANG_WARN_UNREACHABLE_CODE = YES;
				CLANG_WARN__DUPLICATE_METHOD_MATCH = YES;
				COPY_PHASE_STRIP = NO;
				DEBUG_INFORMATION_FORMAT = dwarf;
				ENABLE_STRICT_OBJC_MSGSEND = YES;
				ENABLE_TESTABILITY = YES;
				ENABLE_USER_SCRIPT_SANDBOXING = YES;
				GCC_C_LANGUAGE_STANDARD = gnu17;
				GCC_DYNAMIC_NO_PIC = NO;
				GCC_NO_COMMON_BLOCKS = YES;
				GCC_OPTIMIZATION_LEVEL = 0;
				GCC_PREPROCESSOR_DEFINITIONS = (
					"DEBUG=1",
					"$(inherited)",
				);
				GCC_WARN_64_TO_32_BIT_CONVERSION = YES;
				GCC_WARN_ABOUT_RETURN_TYPE = YES_ERROR;
				GCC_WARN_UNDECLARED_SELECTOR = YES;
				GCC_WARN_UNINITIALIZED_AUTOS = YES_AGGRESSIVE;
				GCC_WARN_UNUSED_FUNCTION = YES;
				GCC_WARN_UNUSED_VARIABLE = YES;
				IPHONEOS_DEPLOYMENT_TARGET = 17.0;
				LOCALIZATION_PREFERS_STRING_CATALOGS = YES;
				MTL_ENABLE_DEBUG_INFO = INCLUDE_SOURCE;
				MTL_FAST_MATH = YES;
				ONLY_ACTIVE_ARCH = YES;
				SDKROOT = iphoneos;
				SWIFT_ACTIVE_COMPILATION_CONDITIONS = "DEBUG $(inherited)";
				SWIFT_OPTIMIZATION_LEVEL = "-Onone";
			};
			name = Debug;
		};
		C9FD37892B36E43C00B3ED05 /* Release */ = {
			isa = XCBuildConfiguration;
			buildSettings = {
				ALWAYS_SEARCH_USER_PATHS = NO;
				ASSETCATALOG_COMPILER_GENERATE_SWIFT_ASSET_SYMBOL_EXTENSIONS = YES;
				CLANG_ANALYZER_NONNULL = YES;
				CLANG_ANALYZER_NUMBER_OBJECT_CONVERSION = YES_AGGRESSIVE;
				CLANG_CXX_LANGUAGE_STANDARD = "gnu++20";
				CLANG_ENABLE_MODULES = YES;
				CLANG_ENABLE_OBJC_ARC = YES;
				CLANG_ENABLE_OBJC_WEAK = YES;
				CLANG_WARN_BLOCK_CAPTURE_AUTORELEASING = YES;
				CLANG_WARN_BOOL_CONVERSION = YES;
				CLANG_WARN_COMMA = YES;
				CLANG_WARN_CONSTANT_CONVERSION = YES;
				CLANG_WARN_DEPRECATED_OBJC_IMPLEMENTATIONS = YES;
				CLANG_WARN_DIRECT_OBJC_ISA_USAGE = YES_ERROR;
				CLANG_WARN_DOCUMENTATION_COMMENTS = YES;
				CLANG_WARN_EMPTY_BODY = YES;
				CLANG_WARN_ENUM_CONVERSION = YES;
				CLANG_WARN_INFINITE_RECURSION = YES;
				CLANG_WARN_INT_CONVERSION = YES;
				CLANG_WARN_NON_LITERAL_NULL_CONVERSION = YES;
				CLANG_WARN_OBJC_IMPLICIT_RETAIN_SELF = YES;
				CLANG_WARN_OBJC_LITERAL_CONVERSION = YES;
				CLANG_WARN_OBJC_ROOT_CLASS = YES_ERROR;
				CLANG_WARN_QUOTED_INCLUDE_IN_FRAMEWORK_HEADER = YES;
				CLANG_WARN_RANGE_LOOP_ANALYSIS = YES;
				CLANG_WARN_STRICT_PROTOTYPES = YES;
				CLANG_WARN_SUSPICIOUS_MOVE = YES;
				CLANG_WARN_UNGUARDED_AVAILABILITY = YES_AGGRESSIVE;
				CLANG_WARN_UNREACHABLE_CODE = YES;
				CLANG_WARN__DUPLICATE_METHOD_MATCH = YES;
				COPY_PHASE_STRIP = NO;
				DEBUG_INFORMATION_FORMAT = "dwarf-with-dsym";
				ENABLE_NS_ASSERTIONS = NO;
				ENABLE_STRICT_OBJC_MSGSEND = YES;
				ENABLE_USER_SCRIPT_SANDBOXING = YES;
				GCC_C_LANGUAGE_STANDARD = gnu17;
				GCC_NO_COMMON_BLOCKS = YES;
				GCC_WARN_64_TO_32_BIT_CONVERSION = YES;
				GCC_WARN_ABOUT_RETURN_TYPE = YES_ERROR;
				GCC_WARN_UNDECLARED_SELECTOR = YES;
				GCC_WARN_UNINITIALIZED_AUTOS = YES_AGGRESSIVE;
				GCC_WARN_UNUSED_FUNCTION = YES;
				GCC_WARN_UNUSED_VARIABLE = YES;
				IPHONEOS_DEPLOYMENT_TARGET = 17.0;
				LOCALIZATION_PREFERS_STRING_CATALOGS = YES;
				MTL_ENABLE_DEBUG_INFO = NO;
				MTL_FAST_MATH = YES;
				SDKROOT = iphoneos;
				SWIFT_COMPILATION_MODE = wholemodule;
				VALIDATE_PRODUCT = YES;
			};
			name = Release;
		};
		C9FD378B2B36E43C00B3ED05 /* Debug */ = {
			isa = XCBuildConfiguration;
			buildSettings = {
				ASSETCATALOG_COMPILER_APPICON_NAME = AppIcon;
				ASSETCATALOG_COMPILER_GLOBAL_ACCENT_COLOR_NAME = AccentColor;
				CODE_SIGN_STYLE = Automatic;
				CURRENT_PROJECT_VERSION = 1;
				DEVELOPMENT_ASSET_PATHS = "\"Final_project/Preview Content\"";
				ENABLE_PREVIEWS = YES;
				GENERATE_INFOPLIST_FILE = YES;
				INFOPLIST_KEY_UIApplicationSceneManifest_Generation = YES;
				INFOPLIST_KEY_UIApplicationSupportsIndirectInputEvents = YES;
				INFOPLIST_KEY_UILaunchScreen_Generation = YES;
				INFOPLIST_KEY_UISupportedInterfaceOrientations_iPad = "UIInterfaceOrientationPortrait UIInterfaceOrientationPortraitUpsideDown UIInterfaceOrientationLandscapeLeft UIInterfaceOrientationLandscapeRight";
				INFOPLIST_KEY_UISupportedInterfaceOrientations_iPhone = "UIInterfaceOrientationPortrait UIInterfaceOrientationLandscapeLeft UIInterfaceOrientationLandscapeRight";
				LD_RUNPATH_SEARCH_PATHS = (
					"$(inherited)",
					"@executable_path/Frameworks",
				);
				MARKETING_VERSION = 1.0;
				PRODUCT_BUNDLE_IDENTIFIER = "DmitrySkorodumov.Final-project";
				PRODUCT_NAME = "$(TARGET_NAME)";
				SWIFT_EMIT_LOC_STRINGS = YES;
				SWIFT_VERSION = 5.0;
				TARGETED_DEVICE_FAMILY = "1,2";
			};
			name = Debug;
		};
		C9FD378C2B36E43C00B3ED05 /* Release */ = {
			isa = XCBuildConfiguration;
			buildSettings = {
				ASSETCATALOG_COMPILER_APPICON_NAME = AppIcon;
				ASSETCATALOG_COMPILER_GLOBAL_ACCENT_COLOR_NAME = AccentColor;
				CODE_SIGN_STYLE = Automatic;
				CURRENT_PROJECT_VERSION = 1;
				DEVELOPMENT_ASSET_PATHS = "\"Final_project/Preview Content\"";
				ENABLE_PREVIEWS = YES;
				GENERATE_INFOPLIST_FILE = YES;
				INFOPLIST_KEY_UIApplicationSceneManifest_Generation = YES;
				INFOPLIST_KEY_UIApplicationSupportsIndirectInputEvents = YES;
				INFOPLIST_KEY_UILaunchScreen_Generation = YES;
				INFOPLIST_KEY_UISupportedInterfaceOrientations_iPad = "UIInterfaceOrientationPortrait UIInterfaceOrientationPortraitUpsideDown UIInterfaceOrientationLandscapeLeft UIInterfaceOrientationLandscapeRight";
				INFOPLIST_KEY_UISupportedInterfaceOrientations_iPhone = "UIInterfaceOrientationPortrait UIInterfaceOrientationLandscapeLeft UIInterfaceOrientationLandscapeRight";
				LD_RUNPATH_SEARCH_PATHS = (
					"$(inherited)",
					"@executable_path/Frameworks",
				);
				MARKETING_VERSION = 1.0;
				PRODUCT_BUNDLE_IDENTIFIER = "DmitrySkorodumov.Final-project";
				PRODUCT_NAME = "$(TARGET_NAME)";
				SWIFT_EMIT_LOC_STRINGS = YES;
				SWIFT_VERSION = 5.0;
				TARGETED_DEVICE_FAMILY = "1,2";
			};
			name = Release;
		};
/* End XCBuildConfiguration section */

/* Begin XCConfigurationList section */
		C9FD37722B36E43700B3ED05 /* Build configuration list for PBXProject "Final_project" */ = {
			isa = XCConfigurationList;
			buildConfigurations = (
				C9FD37882B36E43C00B3ED05 /* Debug */,
				C9FD37892B36E43C00B3ED05 /* Release */,
			);
			defaultConfigurationIsVisible = 0;
			defaultConfigurationName = Release;
		};
		C9FD378A2B36E43C00B3ED05 /* Build configuration list for PBXNativeTarget "Final_project" */ = {
			isa = XCConfigurationList;
			buildConfigurations = (
				C9FD378B2B36E43C00B3ED05 /* Debug */,
				C9FD378C2B36E43C00B3ED05 /* Release */,
			);
			defaultConfigurationIsVisible = 0;
			defaultConfigurationName = Release;
		};
/* End XCConfigurationList section */

/* Begin XCVersionGroup section */
		C9FD37852B36E43C00B3ED05 /* Final_project.xcdatamodeld */ = {
			isa = XCVersionGroup;
			children = (
				C9FD37862B36E43C00B3ED05 /* Final_project.xcdatamodel */,
			);
			currentVersion = C9FD37862B36E43C00B3ED05 /* Final_project.xcdatamodel */;
			path = Final_project.xcdatamodeld;
			sourceTree = "<group>";
			versionGroupType = wrapper.xcdatamodel;
		};
/* End XCVersionGroup section */
	};
	rootObject = C9FD376F2B36E43700B3ED05 /* Project object */;
}
